
Microsoft Visual Studio Solution File, Format Version 12.00
# Visual Studio Version 16
VisualStudioVersion = 25.0.1706.7
MinimumVisualStudioVersion = 10.0.40219.1
Project("{FAE04EC0-301F-11D3-BF4B-00C04F79EFBC}") = "producer", "producer\producer.csproj", "{5B55F63F-143E-4D3E-86FF-92C4DC33ADA6}"
EndProject
Project("{FAE04EC0-301F-11D3-BF4B-00C04F79EFBC}") = "core", "core\core.csproj", "{59BF3DBC-3CE7-45B3-9433-80818102C062}"
EndProject
Project("{FAE04EC0-301F-11D3-BF4B-00C04F79EFBC}") = "consumer", "consumer\consumer.csproj", "{95E36B83-881F-4CD5-9A13-FFE57D46169E}"
EndProject
Global
	GlobalSection(SolutionConfigurationPlatforms) = preSolution
		Debug|Any CPU = Debug|Any CPU
		Release|Any CPU = Release|Any CPU
	EndGlobalSection
	GlobalSection(ProjectConfigurationPlatforms) = postSolution
		{5B55F63F-143E-4D3E-86FF-92C4DC33ADA6}.Debug|Any CPU.ActiveCfg = Debug|Any CPU
		{5B55F63F-143E-4D3E-86FF-92C4DC33ADA6}.Debug|Any CPU.Build.0 = Debug|Any CPU
		{5B55F63F-143E-4D3E-86FF-92C4DC33ADA6}.Release|Any CPU.ActiveCfg = Release|Any CPU
		{5B55F63F-143E-4D3E-86FF-92C4DC33ADA6}.Release|Any CPU.Build.0 = Release|Any CPU
		{59BF3DBC-3CE7-45B3-9433-80818102C062}.Debug|Any CPU.ActiveCfg = Debug|Any CPU
		{59BF3DBC-3CE7-45B3-9433-80818102C062}.Debug|Any CPU.Build.0 = Debug|Any CPU
		{59BF3DBC-3CE7-45B3-9433-80818102C062}.Release|Any CPU.ActiveCfg = Release|Any CPU
		{59BF3DBC-3CE7-45B3-9433-80818102C062}.Release|Any CPU.Build.0 = Release|Any CPU
		{95E36B83-881F-4CD5-9A13-FFE57D46169E}.Debug|Any CPU.ActiveCfg = Debug|Any CPU
		{95E36B83-881F-4CD5-9A13-FFE57D46169E}.Debug|Any CPU.Build.0 = Debug|Any CPU
		{95E36B83-881F-4CD5-9A13-FFE57D46169E}.Release|Any CPU.ActiveCfg = Release|Any CPU
		{95E36B83-881F-4CD5-9A13-FFE57D46169E}.Release|Any CPU.Build.0 = Release|Any CPU
	EndGlobalSection
	GlobalSection(SolutionProperties) = preSolution
		HideSolutionNode = FALSE
	EndGlobalSection
	GlobalSection(ExtensibilityGlobals) = postSolution
		SolutionGuid = {FE285B72-4FE1-4CA6-AC72-AE65466F2BF0}
	EndGlobalSection
EndGlobal
